
Microsoft Visual Studio Solution File, Format Version 10.00
# Visual Studio 2008
Project("{2150E333-8FDC-42A3-9474-1A3956D46DE8}") = "zTools", "zTools", "{CEAE4145-AA8D-4E3D-8CEF-A34260D5B7BC}"
EndProject
Project("{2150E333-8FDC-42A3-9474-1A3956D46DE8}") = "DAL", "DAL", "{C542F438-8C18-4C5C-9CB1-F4FE2099E630}"
EndProject
Project("{2150E333-8FDC-42A3-9474-1A3956D46DE8}") = "zBuild", "zBuild", "{EE80B9B8-DDC3-487F-9484-2A8E37DF254B}"
EndProject
Project("{2150E333-8FDC-42A3-9474-1A3956D46DE8}") = "BAL", "BAL", "{21743F13-09D6-4D3E-93BE-D4200D941C22}"
EndProject
Project("{FAE04EC0-301F-11D3-BF4B-00C04F79EFBC}") = "BAL.Core", "BAL\BAL.Core\BAL.Core.csproj", "{0E23A98E-B124-4440-8D36-19B45E2D3805}"
EndProject
Project("{FAE04EC0-301F-11D3-BF4B-00C04F79EFBC}") = "Estee.GlobalPricing.DAL.Core", "DAL\DAL.Core\Estee.GlobalPricing.DAL.Core.csproj", "{6C4615DC-A772-454A-912B-491DFDFF290A}"
EndProject
Project("{FAE04EC0-301F-11D3-BF4B-00C04F79EFBC}") = "Estee.GlobalPricingSystem", "Web\Estee.GlobalPricingSystem\Estee.GlobalPricingSystem.csproj", "{FFEC2E09-D7CA-43EF-AC8E-24E03A7640A6}"
EndProject
Global
	GlobalSection(SolutionConfigurationPlatforms) = preSolution
		Debug|Any CPU = Debug|Any CPU
		Release|Any CPU = Release|Any CPU
	EndGlobalSection
	GlobalSection(ProjectConfigurationPlatforms) = postSolution
		{0E23A98E-B124-4440-8D36-19B45E2D3805}.Debug|Any CPU.ActiveCfg = Debug|Any CPU
		{0E23A98E-B124-4440-8D36-19B45E2D3805}.Debug|Any CPU.Build.0 = Debug|Any CPU
		{0E23A98E-B124-4440-8D36-19B45E2D3805}.Release|Any CPU.ActiveCfg = Release|Any CPU
		{0E23A98E-B124-4440-8D36-19B45E2D3805}.Release|Any CPU.Build.0 = Release|Any CPU
		{6C4615DC-A772-454A-912B-491DFDFF290A}.Debug|Any CPU.ActiveCfg = Debug|Any CPU
		{6C4615DC-A772-454A-912B-491DFDFF290A}.Debug|Any CPU.Build.0 = Debug|Any CPU
		{6C4615DC-A772-454A-912B-491DFDFF290A}.Release|Any CPU.ActiveCfg = Release|Any CPU
		{6C4615DC-A772-454A-912B-491DFDFF290A}.Release|Any CPU.Build.0 = Release|Any CPU
		{FFEC2E09-D7CA-43EF-AC8E-24E03A7640A6}.Debug|Any CPU.ActiveCfg = Debug|Any CPU
		{FFEC2E09-D7CA-43EF-AC8E-24E03A7640A6}.Debug|Any CPU.Build.0 = Debug|Any CPU
		{FFEC2E09-D7CA-43EF-AC8E-24E03A7640A6}.Release|Any CPU.ActiveCfg = Release|Any CPU
		{FFEC2E09-D7CA-43EF-AC8E-24E03A7640A6}.Release|Any CPU.Build.0 = Release|Any CPU
	EndGlobalSection
	GlobalSection(SolutionProperties) = preSolution
		HideSolutionNode = FALSE
	EndGlobalSection
	GlobalSection(NestedProjects) = preSolution
		{6C4615DC-A772-454A-912B-491DFDFF290A} = {C542F438-8C18-4C5C-9CB1-F4FE2099E630}
		{0E23A98E-B124-4440-8D36-19B45E2D3805} = {21743F13-09D6-4D3E-93BE-D4200D941C22}
	EndGlobalSection
EndGlobal
