
Microsoft Visual Studio Solution File, Format Version 12.00
# Visual Studio 2012
Project("{FAE04EC0-301F-11D3-BF4B-00C04F79EFBC}") = "Metro.Controls", "Metro.Controls\Metro.Controls.csproj", "{72283FB4-1758-4432-AE4B-3BB3555B8A0A}"
EndProject
Project("{FAE04EC0-301F-11D3-BF4B-00C04F79EFBC}") = "Metro.ViewModels", "Metro.ViewModels\Metro.ViewModels.csproj", "{1C219470-6027-4B9E-A0E8-70782C4A2C98}"
EndProject
Project("{FAE04EC0-301F-11D3-BF4B-00C04F79EFBC}") = "Metro.Common", "Metro.Common\Metro.Common.csproj", "{8CE352C2-CFE2-4357-9403-67E4F35A01EE}"
EndProject
Project("{FAE04EC0-301F-11D3-BF4B-00C04F79EFBC}") = "Metro.Entities", "Metro.Entities\Metro.Entities.csproj", "{817DD38D-D284-4FA2-889A-0FD212DD42BC}"
EndProject
Project("{FAE04EC0-301F-11D3-BF4B-00C04F79EFBC}") = "Metro.Notifications", "Metro.Notifications\Metro.Notifications.csproj", "{308DB823-F443-4179-838E-72E2D7D4B486}"
EndProject
Project("{FAE04EC0-301F-11D3-BF4B-00C04F79EFBC}") = "Metro.Services", "Metro.Services\Metro.Services.csproj", "{E5438B51-8276-4BFF-AE11-132399164635}"
EndProject
Project("{FAE04EC0-301F-11D3-BF4B-00C04F79EFBC}") = "Metro.UI", "Metro.UI\Metro.UI.csproj", "{38FD533F-2CDD-40B5-8A4E-1330B89B4ED3}"
EndProject
Global
	GlobalSection(SolutionConfigurationPlatforms) = preSolution
		Debug|ARM = Debug|ARM
		Debug|Any CPU = Debug|Any CPU
		Debug|x64 = Debug|x64
		Debug|x86 = Debug|x86
		Release|ARM = Release|ARM
		Release|Any CPU = Release|Any CPU
		Release|x64 = Release|x64
		Release|x86 = Release|x86
	EndGlobalSection
	GlobalSection(ProjectConfigurationPlatforms) = postSolution
		{1C219470-6027-4B9E-A0E8-70782C4A2C98}.Debug|ARM.ActiveCfg = Debug|ARM
		{1C219470-6027-4B9E-A0E8-70782C4A2C98}.Debug|ARM.Build.0 = Debug|ARM
		{1C219470-6027-4B9E-A0E8-70782C4A2C98}.Debug|Any CPU.ActiveCfg = Debug|Any CPU
		{1C219470-6027-4B9E-A0E8-70782C4A2C98}.Debug|Any CPU.Build.0 = Debug|Any CPU
		{1C219470-6027-4B9E-A0E8-70782C4A2C98}.Debug|x64.ActiveCfg = Debug|x64
		{1C219470-6027-4B9E-A0E8-70782C4A2C98}.Debug|x64.Build.0 = Debug|x64
		{1C219470-6027-4B9E-A0E8-70782C4A2C98}.Debug|x86.ActiveCfg = Debug|x86
		{1C219470-6027-4B9E-A0E8-70782C4A2C98}.Debug|x86.Build.0 = Debug|x86
		{1C219470-6027-4B9E-A0E8-70782C4A2C98}.Release|ARM.ActiveCfg = Release|ARM
		{1C219470-6027-4B9E-A0E8-70782C4A2C98}.Release|ARM.Build.0 = Release|ARM
		{1C219470-6027-4B9E-A0E8-70782C4A2C98}.Release|Any CPU.ActiveCfg = Release|Any CPU
		{1C219470-6027-4B9E-A0E8-70782C4A2C98}.Release|Any CPU.Build.0 = Release|Any CPU
		{1C219470-6027-4B9E-A0E8-70782C4A2C98}.Release|x64.ActiveCfg = Release|x64
		{1C219470-6027-4B9E-A0E8-70782C4A2C98}.Release|x64.Build.0 = Release|x64
		{1C219470-6027-4B9E-A0E8-70782C4A2C98}.Release|x86.ActiveCfg = Release|x86
		{1C219470-6027-4B9E-A0E8-70782C4A2C98}.Release|x86.Build.0 = Release|x86
		{308DB823-F443-4179-838E-72E2D7D4B486}.Debug|ARM.ActiveCfg = Debug|ARM
		{308DB823-F443-4179-838E-72E2D7D4B486}.Debug|ARM.Build.0 = Debug|ARM
		{308DB823-F443-4179-838E-72E2D7D4B486}.Debug|Any CPU.ActiveCfg = Debug|Any CPU
		{308DB823-F443-4179-838E-72E2D7D4B486}.Debug|Any CPU.Build.0 = Debug|Any CPU
		{308DB823-F443-4179-838E-72E2D7D4B486}.Debug|x64.ActiveCfg = Debug|x64
		{308DB823-F443-4179-838E-72E2D7D4B486}.Debug|x64.Build.0 = Debug|x64
		{308DB823-F443-4179-838E-72E2D7D4B486}.Debug|x86.ActiveCfg = Debug|x86
		{308DB823-F443-4179-838E-72E2D7D4B486}.Debug|x86.Build.0 = Debug|x86
		{308DB823-F443-4179-838E-72E2D7D4B486}.Release|ARM.ActiveCfg = Release|ARM
		{308DB823-F443-4179-838E-72E2D7D4B486}.Release|ARM.Build.0 = Release|ARM
		{308DB823-F443-4179-838E-72E2D7D4B486}.Release|Any CPU.ActiveCfg = Release|Any CPU
		{308DB823-F443-4179-838E-72E2D7D4B486}.Release|Any CPU.Build.0 = Release|Any CPU
		{308DB823-F443-4179-838E-72E2D7D4B486}.Release|x64.ActiveCfg = Release|x64
		{308DB823-F443-4179-838E-72E2D7D4B486}.Release|x64.Build.0 = Release|x64
		{308DB823-F443-4179-838E-72E2D7D4B486}.Release|x86.ActiveCfg = Release|x86
		{308DB823-F443-4179-838E-72E2D7D4B486}.Release|x86.Build.0 = Release|x86
		{38FD533F-2CDD-40B5-8A4E-1330B89B4ED3}.Debug|ARM.ActiveCfg = Debug|ARM
		{38FD533F-2CDD-40B5-8A4E-1330B89B4ED3}.Debug|ARM.Build.0 = Debug|ARM
		{38FD533F-2CDD-40B5-8A4E-1330B89B4ED3}.Debug|ARM.Deploy.0 = Debug|ARM
		{38FD533F-2CDD-40B5-8A4E-1330B89B4ED3}.Debug|Any CPU.ActiveCfg = Debug|Any CPU
		{38FD533F-2CDD-40B5-8A4E-1330B89B4ED3}.Debug|Any CPU.Build.0 = Debug|Any CPU
		{38FD533F-2CDD-40B5-8A4E-1330B89B4ED3}.Debug|Any CPU.Deploy.0 = Debug|Any CPU
		{38FD533F-2CDD-40B5-8A4E-1330B89B4ED3}.Debug|x64.ActiveCfg = Debug|x64
		{38FD533F-2CDD-40B5-8A4E-1330B89B4ED3}.Debug|x64.Build.0 = Debug|x64
		{38FD533F-2CDD-40B5-8A4E-1330B89B4ED3}.Debug|x64.Deploy.0 = Debug|x64
		{38FD533F-2CDD-40B5-8A4E-1330B89B4ED3}.Debug|x86.ActiveCfg = Debug|x86
		{38FD533F-2CDD-40B5-8A4E-1330B89B4ED3}.Debug|x86.Build.0 = Debug|x86
		{38FD533F-2CDD-40B5-8A4E-1330B89B4ED3}.Debug|x86.Deploy.0 = Debug|x86
		{38FD533F-2CDD-40B5-8A4E-1330B89B4ED3}.Release|ARM.ActiveCfg = Release|ARM
		{38FD533F-2CDD-40B5-8A4E-1330B89B4ED3}.Release|ARM.Build.0 = Release|ARM
		{38FD533F-2CDD-40B5-8A4E-1330B89B4ED3}.Release|ARM.Deploy.0 = Release|ARM
		{38FD533F-2CDD-40B5-8A4E-1330B89B4ED3}.Release|Any CPU.ActiveCfg = Release|Any CPU
		{38FD533F-2CDD-40B5-8A4E-1330B89B4ED3}.Release|Any CPU.Build.0 = Release|Any CPU
		{38FD533F-2CDD-40B5-8A4E-1330B89B4ED3}.Release|Any CPU.Deploy.0 = Release|Any CPU
		{38FD533F-2CDD-40B5-8A4E-1330B89B4ED3}.Release|x64.ActiveCfg = Release|x64
		{38FD533F-2CDD-40B5-8A4E-1330B89B4ED3}.Release|x64.Build.0 = Release|x64
		{38FD533F-2CDD-40B5-8A4E-1330B89B4ED3}.Release|x64.Deploy.0 = Release|x64
		{38FD533F-2CDD-40B5-8A4E-1330B89B4ED3}.Release|x86.ActiveCfg = Release|x86
		{38FD533F-2CDD-40B5-8A4E-1330B89B4ED3}.Release|x86.Build.0 = Release|x86
		{38FD533F-2CDD-40B5-8A4E-1330B89B4ED3}.Release|x86.Deploy.0 = Release|x86
		{72283FB4-1758-4432-AE4B-3BB3555B8A0A}.Debug|ARM.ActiveCfg = Debug|ARM
		{72283FB4-1758-4432-AE4B-3BB3555B8A0A}.Debug|ARM.Build.0 = Debug|ARM
		{72283FB4-1758-4432-AE4B-3BB3555B8A0A}.Debug|Any CPU.ActiveCfg = Debug|Any CPU
		{72283FB4-1758-4432-AE4B-3BB3555B8A0A}.Debug|Any CPU.Build.0 = Debug|Any CPU
		{72283FB4-1758-4432-AE4B-3BB3555B8A0A}.Debug|x64.ActiveCfg = Debug|x64
		{72283FB4-1758-4432-AE4B-3BB3555B8A0A}.Debug|x64.Build.0 = Debug|x64
		{72283FB4-1758-4432-AE4B-3BB3555B8A0A}.Debug|x86.ActiveCfg = Debug|x86
		{72283FB4-1758-4432-AE4B-3BB3555B8A0A}.Debug|x86.Build.0 = Debug|x86
		{72283FB4-1758-4432-AE4B-3BB3555B8A0A}.Release|ARM.ActiveCfg = Release|ARM
		{72283FB4-1758-4432-AE4B-3BB3555B8A0A}.Release|ARM.Build.0 = Release|ARM
		{72283FB4-1758-4432-AE4B-3BB3555B8A0A}.Release|Any CPU.ActiveCfg = Release|Any CPU
		{72283FB4-1758-4432-AE4B-3BB3555B8A0A}.Release|Any CPU.Build.0 = Release|Any CPU
		{72283FB4-1758-4432-AE4B-3BB3555B8A0A}.Release|x64.ActiveCfg = Release|x64
		{72283FB4-1758-4432-AE4B-3BB3555B8A0A}.Release|x64.Build.0 = Release|x64
		{72283FB4-1758-4432-AE4B-3BB3555B8A0A}.Release|x86.ActiveCfg = Release|x86
		{72283FB4-1758-4432-AE4B-3BB3555B8A0A}.Release|x86.Build.0 = Release|x86
		{817DD38D-D284-4FA2-889A-0FD212DD42BC}.Debug|ARM.ActiveCfg = Debug|ARM
		{817DD38D-D284-4FA2-889A-0FD212DD42BC}.Debug|ARM.Build.0 = Debug|ARM
		{817DD38D-D284-4FA2-889A-0FD212DD42BC}.Debug|Any CPU.ActiveCfg = Debug|Any CPU
		{817DD38D-D284-4FA2-889A-0FD212DD42BC}.Debug|Any CPU.Build.0 = Debug|Any CPU
		{817DD38D-D284-4FA2-889A-0FD212DD42BC}.Debug|x64.ActiveCfg = Debug|x64
		{817DD38D-D284-4FA2-889A-0FD212DD42BC}.Debug|x64.Build.0 = Debug|x64
		{817DD38D-D284-4FA2-889A-0FD212DD42BC}.Debug|x86.ActiveCfg = Debug|x86
		{817DD38D-D284-4FA2-889A-0FD212DD42BC}.Debug|x86.Build.0 = Debug|x86
		{817DD38D-D284-4FA2-889A-0FD212DD42BC}.Release|ARM.ActiveCfg = Release|ARM
		{817DD38D-D284-4FA2-889A-0FD212DD42BC}.Release|ARM.Build.0 = Release|ARM
		{817DD38D-D284-4FA2-889A-0FD212DD42BC}.Release|Any CPU.ActiveCfg = Release|Any CPU
		{817DD38D-D284-4FA2-889A-0FD212DD42BC}.Release|Any CPU.Build.0 = Release|Any CPU
		{817DD38D-D284-4FA2-889A-0FD212DD42BC}.Release|x64.ActiveCfg = Release|x64
		{817DD38D-D284-4FA2-889A-0FD212DD42BC}.Release|x64.Build.0 = Release|x64
		{817DD38D-D284-4FA2-889A-0FD212DD42BC}.Release|x86.ActiveCfg = Release|x86
		{817DD38D-D284-4FA2-889A-0FD212DD42BC}.Release|x86.Build.0 = Release|x86
		{8CE352C2-CFE2-4357-9403-67E4F35A01EE}.Debug|ARM.ActiveCfg = Debug|ARM
		{8CE352C2-CFE2-4357-9403-67E4F35A01EE}.Debug|ARM.Build.0 = Debug|ARM
		{8CE352C2-CFE2-4357-9403-67E4F35A01EE}.Debug|Any CPU.ActiveCfg = Debug|Any CPU
		{8CE352C2-CFE2-4357-9403-67E4F35A01EE}.Debug|Any CPU.Build.0 = Debug|Any CPU
		{8CE352C2-CFE2-4357-9403-67E4F35A01EE}.Debug|x64.ActiveCfg = Debug|x64
		{8CE352C2-CFE2-4357-9403-67E4F35A01EE}.Debug|x64.Build.0 = Debug|x64
		{8CE352C2-CFE2-4357-9403-67E4F35A01EE}.Debug|x86.ActiveCfg = Debug|x86
		{8CE352C2-CFE2-4357-9403-67E4F35A01EE}.Debug|x86.Build.0 = Debug|x86
		{8CE352C2-CFE2-4357-9403-67E4F35A01EE}.Release|ARM.ActiveCfg = Release|ARM
		{8CE352C2-CFE2-4357-9403-67E4F35A01EE}.Release|ARM.Build.0 = Release|ARM
		{8CE352C2-CFE2-4357-9403-67E4F35A01EE}.Release|Any CPU.ActiveCfg = Release|Any CPU
		{8CE352C2-CFE2-4357-9403-67E4F35A01EE}.Release|Any CPU.Build.0 = Release|Any CPU
		{8CE352C2-CFE2-4357-9403-67E4F35A01EE}.Release|x64.ActiveCfg = Release|x64
		{8CE352C2-CFE2-4357-9403-67E4F35A01EE}.Release|x64.Build.0 = Release|x64
		{8CE352C2-CFE2-4357-9403-67E4F35A01EE}.Release|x86.ActiveCfg = Release|x86
		{8CE352C2-CFE2-4357-9403-67E4F35A01EE}.Release|x86.Build.0 = Release|x86
		{E5438B51-8276-4BFF-AE11-132399164635}.Debug|ARM.ActiveCfg = Debug|ARM
		{E5438B51-8276-4BFF-AE11-132399164635}.Debug|ARM.Build.0 = Debug|ARM
		{E5438B51-8276-4BFF-AE11-132399164635}.Debug|Any CPU.ActiveCfg = Debug|Any CPU
		{E5438B51-8276-4BFF-AE11-132399164635}.Debug|Any CPU.Build.0 = Debug|Any CPU
		{E5438B51-8276-4BFF-AE11-132399164635}.Debug|x64.ActiveCfg = Debug|x64
		{E5438B51-8276-4BFF-AE11-132399164635}.Debug|x64.Build.0 = Debug|x64
		{E5438B51-8276-4BFF-AE11-132399164635}.Debug|x86.ActiveCfg = Debug|x86
		{E5438B51-8276-4BFF-AE11-132399164635}.Debug|x86.Build.0 = Debug|x86
		{E5438B51-8276-4BFF-AE11-132399164635}.Release|ARM.ActiveCfg = Release|ARM
		{E5438B51-8276-4BFF-AE11-132399164635}.Release|ARM.Build.0 = Release|ARM
		{E5438B51-8276-4BFF-AE11-132399164635}.Release|Any CPU.ActiveCfg = Release|Any CPU
		{E5438B51-8276-4BFF-AE11-132399164635}.Release|Any CPU.Build.0 = Release|Any CPU
		{E5438B51-8276-4BFF-AE11-132399164635}.Release|x64.ActiveCfg = Release|x64
		{E5438B51-8276-4BFF-AE11-132399164635}.Release|x64.Build.0 = Release|x64
		{E5438B51-8276-4BFF-AE11-132399164635}.Release|x86.ActiveCfg = Release|x86
		{E5438B51-8276-4BFF-AE11-132399164635}.Release|x86.Build.0 = Release|x86
	EndGlobalSection
	GlobalSection(SolutionProperties) = preSolution
		HideSolutionNode = FALSE
	EndGlobalSection
EndGlobal
