// !$*UTF8*$!
{
	archiveVersion = 1;
	classes = {
	};
	objectVersion = 46;
	objects = {

/* Begin PBXBuildFile section */
		25829C821506346F00504431 /* www in Resources */ = {isa = PBXBuildFile; fileRef = 25829C811506346F00504431 /* www */; };
		2596504114FB84E0002DF177 /* Foundation.framework in Frameworks */ = {isa = PBXBuildFile; fileRef = 2596504014FB84E0002DF177 /* Foundation.framework */; };
		2596504314FB84E0002DF177 /* UIKit.framework in Frameworks */ = {isa = PBXBuildFile; fileRef = 2596504214FB84E0002DF177 /* UIKit.framework */; };
		2596504514FB84E0002DF177 /* CoreGraphics.framework in Frameworks */ = {isa = PBXBuildFile; fileRef = 2596504414FB84E0002DF177 /* CoreGraphics.framework */; };
		2596504714FB84E0002DF177 /* AddressBook.framework in Frameworks */ = {isa = PBXBuildFile; fileRef = 2596504614FB84E0002DF177 /* AddressBook.framework */; };
		2596504914FB84E0002DF177 /* AddressBookUI.framework in Frameworks */ = {isa = PBXBuildFile; fileRef = 2596504814FB84E0002DF177 /* AddressBookUI.framework */; };
		2596504B14FB84E0002DF177 /* AudioToolbox.framework in Frameworks */ = {isa = PBXBuildFile; fileRef = 2596504A14FB84E0002DF177 /* AudioToolbox.framework */; };
		2596504D14FB84E0002DF177 /* AVFoundation.framework in Frameworks */ = {isa = PBXBuildFile; fileRef = 2596504C14FB84E0002DF177 /* AVFoundation.framework */; };
		2596504F14FB84E0002DF177 /* CoreLocation.framework in Frameworks */ = {isa = PBXBuildFile; fileRef = 2596504E14FB84E0002DF177 /* CoreLocation.framework */; };
		2596505114FB84E0002DF177 /* MediaPlayer.framework in Frameworks */ = {isa = PBXBuildFile; fileRef = 2596505014FB84E0002DF177 /* MediaPlayer.framework */; };
		2596505314FB84E0002DF177 /* QuartzCore.framework in Frameworks */ = {isa = PBXBuildFile; fileRef = 2596505214FB84E0002DF177 /* QuartzCore.framework */; };
		2596505514FB84E0002DF177 /* SystemConfiguration.framework in Frameworks */ = {isa = PBXBuildFile; fileRef = 2596505414FB84E0002DF177 /* SystemConfiguration.framework */; };
		2596505714FB84E0002DF177 /* MobileCoreServices.framework in Frameworks */ = {isa = PBXBuildFile; fileRef = 2596505614FB84E0002DF177 /* MobileCoreServices.framework */; };
		2596505914FB84E0002DF177 /* CoreMedia.framework in Frameworks */ = {isa = PBXBuildFile; fileRef = 2596505814FB84E0002DF177 /* CoreMedia.framework */; };
		2596505F14FB84E1002DF177 /* InfoPlist.strings in Resources */ = {isa = PBXBuildFile; fileRef = 2596505D14FB84E1002DF177 /* InfoPlist.strings */; };
		2596506114FB84E1002DF177 /* main.m in Sources */ = {isa = PBXBuildFile; fileRef = 2596506014FB84E1002DF177 /* main.m */; };
		2596506914FB84E1002DF177 /* Localizable.strings in Resources */ = {isa = PBXBuildFile; fileRef = 2596506714FB84E1002DF177 /* Localizable.strings */; };
		2596506D14FB84E1002DF177 /* Localizable.strings in Resources */ = {isa = PBXBuildFile; fileRef = 2596506B14FB84E1002DF177 /* Localizable.strings */; };
		2596507B14FB84E1002DF177 /* Capture.bundle in Resources */ = {isa = PBXBuildFile; fileRef = 2596507A14FB84E1002DF177 /* Capture.bundle */; };
		2596508114FB84E1002DF177 /* AppDelegate.m in Sources */ = {isa = PBXBuildFile; fileRef = 2596508014FB84E1002DF177 /* AppDelegate.m */; };
		2596509114FB8710002DF177 /* icon-72.png in Resources */ = {isa = PBXBuildFile; fileRef = 2596508E14FB8710002DF177 /* icon-72.png */; };
		2596509214FB8710002DF177 /* icon.png in Resources */ = {isa = PBXBuildFile; fileRef = 2596508F14FB8710002DF177 /* icon.png */; };
		2596509314FB8710002DF177 /* icon@2x.png in Resources */ = {isa = PBXBuildFile; fileRef = 2596509014FB8710002DF177 /* icon@2x.png */; };
		C39226A916202EDE009A1866 /* Cordova.plist in Resources */ = {isa = PBXBuildFile; fileRef = C39226A716202EDE009A1866 /* Cordova.plist */; };
		C39226AA16202EDE009A1866 /* CordovaBuildSettings.xcconfig in Resources */ = {isa = PBXBuildFile; fileRef = C39226A816202EDE009A1866 /* CordovaBuildSettings.xcconfig */; };
		C39226B8162030A8009A1866 /* MainViewController.m in Sources */ = {isa = PBXBuildFile; fileRef = C39226B6162030A8009A1866 /* MainViewController.m */; };
		C39226BA162030BB009A1866 /* libCordova.a in Frameworks */ = {isa = PBXBuildFile; fileRef = C39226A516202E63009A1866 /* libCordova.a */; };
/* End PBXBuildFile section */

/* Begin PBXContainerItemProxy section */
		C39226A416202E63009A1866 /* PBXContainerItemProxy */ = {
			isa = PBXContainerItemProxy;
			containerPortal = C392269D16202E63009A1866 /* CordovaLib.xcodeproj */;
			proxyType = 2;
			remoteGlobalIDString = 68A32D7114102E1C006B237C;
			remoteInfo = CordovaLib;
		};
/* End PBXContainerItemProxy section */

/* Begin PBXFileReference section */
		25829C811506346F00504431 /* www */ = {isa = PBXFileReference; lastKnownFileType = folder; path = www; sourceTree = SOURCE_ROOT; };
		2596503C14FB84E0002DF177 /* Phresco.app */ = {isa = PBXFileReference; explicitFileType = wrapper.application; includeInIndex = 0; path = Phresco.app; sourceTree = BUILT_PRODUCTS_DIR; };
		2596504014FB84E0002DF177 /* Foundation.framework */ = {isa = PBXFileReference; lastKnownFileType = wrapper.framework; name = Foundation.framework; path = System/Library/Frameworks/Foundation.framework; sourceTree = SDKROOT; };
		2596504214FB84E0002DF177 /* UIKit.framework */ = {isa = PBXFileReference; lastKnownFileType = wrapper.framework; name = UIKit.framework; path = System/Library/Frameworks/UIKit.framework; sourceTree = SDKROOT; };
		2596504414FB84E0002DF177 /* CoreGraphics.framework */ = {isa = PBXFileReference; lastKnownFileType = wrapper.framework; name = CoreGraphics.framework; path = System/Library/Frameworks/CoreGraphics.framework; sourceTree = SDKROOT; };
		2596504614FB84E0002DF177 /* AddressBook.framework */ = {isa = PBXFileReference; lastKnownFileType = wrapper.framework; name = AddressBook.framework; path = System/Library/Frameworks/AddressBook.framework; sourceTree = SDKROOT; };
		2596504814FB84E0002DF177 /* AddressBookUI.framework */ = {isa = PBXFileReference; lastKnownFileType = wrapper.framework; name = AddressBookUI.framework; path = System/Library/Frameworks/AddressBookUI.framework; sourceTree = SDKROOT; };
		2596504A14FB84E0002DF177 /* AudioToolbox.framework */ = {isa = PBXFileReference; lastKnownFileType = wrapper.framework; name = AudioToolbox.framework; path = System/Library/Frameworks/AudioToolbox.framework; sourceTree = SDKROOT; };
		2596504C14FB84E0002DF177 /* AVFoundation.framework */ = {isa = PBXFileReference; lastKnownFileType = wrapper.framework; name = AVFoundation.framework; path = System/Library/Frameworks/AVFoundation.framework; sourceTree = SDKROOT; };
		2596504E14FB84E0002DF177 /* CoreLocation.framework */ = {isa = PBXFileReference; lastKnownFileType = wrapper.framework; name = CoreLocation.framework; path = System/Library/Frameworks/CoreLocation.framework; sourceTree = SDKROOT; };
		2596505014FB84E0002DF177 /* MediaPlayer.framework */ = {isa = PBXFileReference; lastKnownFileType = wrapper.framework; name = MediaPlayer.framework; path = System/Library/Frameworks/MediaPlayer.framework; sourceTree = SDKROOT; };
		2596505214FB84E0002DF177 /* QuartzCore.framework */ = {isa = PBXFileReference; lastKnownFileType = wrapper.framework; name = QuartzCore.framework; path = System/Library/Frameworks/QuartzCore.framework; sourceTree = SDKROOT; };
		2596505414FB84E0002DF177 /* SystemConfiguration.framework */ = {isa = PBXFileReference; lastKnownFileType = wrapper.framework; name = SystemConfiguration.framework; path = System/Library/Frameworks/SystemConfiguration.framework; sourceTree = SDKROOT; };
		2596505614FB84E0002DF177 /* MobileCoreServices.framework */ = {isa = PBXFileReference; lastKnownFileType = wrapper.framework; name = MobileCoreServices.framework; path = System/Library/Frameworks/MobileCoreServices.framework; sourceTree = SDKROOT; };
		2596505814FB84E0002DF177 /* CoreMedia.framework */ = {isa = PBXFileReference; lastKnownFileType = wrapper.framework; name = CoreMedia.framework; path = System/Library/Frameworks/CoreMedia.framework; sourceTree = SDKROOT; };
		2596505C14FB84E0002DF177 /* Phresco-Info.plist */ = {isa = PBXFileReference; lastKnownFileType = text.plist.xml; path = "Phresco-Info.plist"; sourceTree = "<group>"; };
		2596505E14FB84E1002DF177 /* en */ = {isa = PBXFileReference; lastKnownFileType = text.plist.strings; name = en; path = en.lproj/InfoPlist.strings; sourceTree = "<group>"; };
		2596506014FB84E1002DF177 /* main.m */ = {isa = PBXFileReference; lastKnownFileType = sourcecode.c.objc; path = main.m; sourceTree = "<group>"; };
		2596506214FB84E1002DF177 /* Phresco-Prefix.pch */ = {isa = PBXFileReference; lastKnownFileType = sourcecode.c.h; path = "Phresco-Prefix.pch"; sourceTree = "<group>"; };
		2596506814FB84E1002DF177 /* en */ = {isa = PBXFileReference; lastKnownFileType = text.plist.strings; name = en; path = Resources/en.lproj/Localizable.strings; sourceTree = "<group>"; };
		2596506C14FB84E1002DF177 /* es */ = {isa = PBXFileReference; lastKnownFileType = text.plist.strings; name = es; path = Resources/es.lproj/Localizable.strings; sourceTree = "<group>"; };
		2596507A14FB84E1002DF177 /* Capture.bundle */ = {isa = PBXFileReference; lastKnownFileType = "wrapper.plug-in"; name = Capture.bundle; path = Resources/Capture.bundle; sourceTree = "<group>"; };
		2596507F14FB84E1002DF177 /* AppDelegate.h */ = {isa = PBXFileReference; lastKnownFileType = sourcecode.c.h; name = AppDelegate.h; path = Classes/AppDelegate.h; sourceTree = "<group>"; };
		2596508014FB84E1002DF177 /* AppDelegate.m */ = {isa = PBXFileReference; lastKnownFileType = sourcecode.c.objc; name = AppDelegate.m; path = Classes/AppDelegate.m; sourceTree = "<group>"; };
		2596508314FB84E1002DF177 /* README */ = {isa = PBXFileReference; lastKnownFileType = text; name = README; path = Plugins/README; sourceTree = "<group>"; };
		2596508E14FB8710002DF177 /* icon-72.png */ = {isa = PBXFileReference; lastKnownFileType = image.png; path = "icon-72.png"; sourceTree = "<group>"; };
		2596508F14FB8710002DF177 /* icon.png */ = {isa = PBXFileReference; lastKnownFileType = image.png; path = icon.png; sourceTree = "<group>"; };
		2596509014FB8710002DF177 /* icon@2x.png */ = {isa = PBXFileReference; lastKnownFileType = image.png; path = "icon@2x.png"; sourceTree = "<group>"; };
		C392269D16202E63009A1866 /* CordovaLib.xcodeproj */ = {isa = PBXFileReference; lastKnownFileType = "wrapper.pb-project"; name = CordovaLib.xcodeproj; path = "../../../../Downloads/phonegap-phonegap-26d211b/lib/ios/CordovaLib/CordovaLib.xcodeproj"; sourceTree = "<group>"; };
		C39226A716202EDE009A1866 /* Cordova.plist */ = {isa = PBXFileReference; fileEncoding = 4; lastKnownFileType = text.plist.xml; path = Cordova.plist; sourceTree = "<group>"; };
		C39226A816202EDE009A1866 /* CordovaBuildSettings.xcconfig */ = {isa = PBXFileReference; fileEncoding = 4; lastKnownFileType = text.xcconfig; path = CordovaBuildSettings.xcconfig; sourceTree = "<group>"; };
		C39226B5162030A8009A1866 /* MainViewController.h */ = {isa = PBXFileReference; fileEncoding = 4; lastKnownFileType = sourcecode.c.h; name = MainViewController.h; path = Classes/MainViewController.h; sourceTree = "<group>"; };
		C39226B6162030A8009A1866 /* MainViewController.m */ = {isa = PBXFileReference; fileEncoding = 4; lastKnownFileType = sourcecode.c.objc; name = MainViewController.m; path = Classes/MainViewController.m; sourceTree = "<group>"; };
		C39226B7162030A8009A1866 /* MainViewController.xib */ = {isa = PBXFileReference; fileEncoding = 4; lastKnownFileType = file.xib; name = MainViewController.xib; path = Classes/MainViewController.xib; sourceTree = "<group>"; };
		C39226CA16203A85009A1866 /* CoreFoundation.framework */ = {isa = PBXFileReference; lastKnownFileType = wrapper.framework; name = CoreFoundation.framework; path = System/Library/Frameworks/CoreFoundation.framework; sourceTree = SDKROOT; };
/* End PBXFileReference section */

/* Begin PBXFrameworksBuildPhase section */
		2596503614FB84E0002DF177 /* Frameworks */ = {
			isa = PBXFrameworksBuildPhase;
			buildActionMask = 2147483647;
			files = (
				C39226BA162030BB009A1866 /* libCordova.a in Frameworks */,
				2596504114FB84E0002DF177 /* Foundation.framework in Frameworks */,
				2596504314FB84E0002DF177 /* UIKit.framework in Frameworks */,
				2596504514FB84E0002DF177 /* CoreGraphics.framework in Frameworks */,
				2596504714FB84E0002DF177 /* AddressBook.framework in Frameworks */,
				2596504914FB84E0002DF177 /* AddressBookUI.framework in Frameworks */,
				2596504B14FB84E0002DF177 /* AudioToolbox.framework in Frameworks */,
				2596504D14FB84E0002DF177 /* AVFoundation.framework in Frameworks */,
				2596504F14FB84E0002DF177 /* CoreLocation.framework in Frameworks */,
				2596505114FB84E0002DF177 /* MediaPlayer.framework in Frameworks */,
				2596505314FB84E0002DF177 /* QuartzCore.framework in Frameworks */,
				2596505514FB84E0002DF177 /* SystemConfiguration.framework in Frameworks */,
				2596505714FB84E0002DF177 /* MobileCoreServices.framework in Frameworks */,
				2596505914FB84E0002DF177 /* CoreMedia.framework in Frameworks */,
			);
			runOnlyForDeploymentPostprocessing = 0;
		};
/* End PBXFrameworksBuildPhase section */

/* Begin PBXGroup section */
		2596502E14FB84E0002DF177 = {
			isa = PBXGroup;
			children = (
				C39226CA16203A85009A1866 /* CoreFoundation.framework */,
				C392269D16202E63009A1866 /* CordovaLib.xcodeproj */,
				2596505A14FB84E0002DF177 /* Phresco */,
				2596503F14FB84E0002DF177 /* Frameworks */,
				2596503D14FB84E0002DF177 /* Products */,
			);
			sourceTree = "<group>";
		};
		2596503D14FB84E0002DF177 /* Products */ = {
			isa = PBXGroup;
			children = (
				2596503C14FB84E0002DF177 /* Phresco.app */,
			);
			name = Products;
			sourceTree = "<group>";
		};
		2596503F14FB84E0002DF177 /* Frameworks */ = {
			isa = PBXGroup;
			children = (
				2596504014FB84E0002DF177 /* Foundation.framework */,
				2596504214FB84E0002DF177 /* UIKit.framework */,
				2596504414FB84E0002DF177 /* CoreGraphics.framework */,
				2596504614FB84E0002DF177 /* AddressBook.framework */,
				2596504814FB84E0002DF177 /* AddressBookUI.framework */,
				2596504A14FB84E0002DF177 /* AudioToolbox.framework */,
				2596504C14FB84E0002DF177 /* AVFoundation.framework */,
				2596504E14FB84E0002DF177 /* CoreLocation.framework */,
				2596505014FB84E0002DF177 /* MediaPlayer.framework */,
				2596505214FB84E0002DF177 /* QuartzCore.framework */,
				2596505414FB84E0002DF177 /* SystemConfiguration.framework */,
				2596505614FB84E0002DF177 /* MobileCoreServices.framework */,
				2596505814FB84E0002DF177 /* CoreMedia.framework */,
			);
			name = Frameworks;
			sourceTree = "<group>";
		};
		2596505A14FB84E0002DF177 /* Phresco */ = {
			isa = PBXGroup;
			children = (
				25829C811506346F00504431 /* www */,
				2596506514FB84E1002DF177 /* Resources */,
				2596507E14FB84E1002DF177 /* Classes */,
				2596508214FB84E1002DF177 /* Plugins */,
				2596505B14FB84E0002DF177 /* Supporting Files */,
			);
			path = Phresco;
			sourceTree = "<group>";
		};
		2596505B14FB84E0002DF177 /* Supporting Files */ = {
			isa = PBXGroup;
			children = (
				C39226A716202EDE009A1866 /* Cordova.plist */,
				C39226A816202EDE009A1866 /* CordovaBuildSettings.xcconfig */,
				2596505C14FB84E0002DF177 /* Phresco-Info.plist */,
				2596505D14FB84E1002DF177 /* InfoPlist.strings */,
				2596506014FB84E1002DF177 /* main.m */,
				2596506214FB84E1002DF177 /* Phresco-Prefix.pch */,
			);
			name = "Supporting Files";
			sourceTree = "<group>";
		};
		2596506514FB84E1002DF177 /* Resources */ = {
			isa = PBXGroup;
			children = (
				2596508D14FB8710002DF177 /* icons */,
				2596507A14FB84E1002DF177 /* Capture.bundle */,
				2596506614FB84E1002DF177 /* en.lproj */,
				2596506A14FB84E1002DF177 /* es.lproj */,
			);
			name = Resources;
			sourceTree = "<group>";
		};
		2596506614FB84E1002DF177 /* en.lproj */ = {
			isa = PBXGroup;
			children = (
				2596506714FB84E1002DF177 /* Localizable.strings */,
			);
			name = en.lproj;
			sourceTree = "<group>";
		};
		2596506A14FB84E1002DF177 /* es.lproj */ = {
			isa = PBXGroup;
			children = (
				2596506B14FB84E1002DF177 /* Localizable.strings */,
			);
			name = es.lproj;
			sourceTree = "<group>";
		};
		2596507E14FB84E1002DF177 /* Classes */ = {
			isa = PBXGroup;
			children = (
				C39226B5162030A8009A1866 /* MainViewController.h */,
				C39226B6162030A8009A1866 /* MainViewController.m */,
				C39226B7162030A8009A1866 /* MainViewController.xib */,
				2596507F14FB84E1002DF177 /* AppDelegate.h */,
				2596508014FB84E1002DF177 /* AppDelegate.m */,
			);
			name = Classes;
			sourceTree = "<group>";
		};
		2596508214FB84E1002DF177 /* Plugins */ = {
			isa = PBXGroup;
			children = (
				2596508314FB84E1002DF177 /* README */,
			);
			name = Plugins;
			sourceTree = "<group>";
		};
		2596508D14FB8710002DF177 /* icons */ = {
			isa = PBXGroup;
			children = (
				2596508E14FB8710002DF177 /* icon-72.png */,
				2596508F14FB8710002DF177 /* icon.png */,
				2596509014FB8710002DF177 /* icon@2x.png */,
			);
			path = icons;
			sourceTree = "<group>";
		};
		C392269E16202E63009A1866 /* Products */ = {
			isa = PBXGroup;
			children = (
				C39226A516202E63009A1866 /* libCordova.a */,
			);
			name = Products;
			sourceTree = "<group>";
		};
/* End PBXGroup section */

/* Begin PBXNativeTarget section */
		2596503B14FB84E0002DF177 /* Phresco */ = {
			isa = PBXNativeTarget;
			buildConfigurationList = 2596508614FB84E1002DF177 /* Build configuration list for PBXNativeTarget "Phresco" */;
			buildPhases = (
				2596503514FB84E0002DF177 /* Sources */,
				2596503614FB84E0002DF177 /* Frameworks */,
				2596503714FB84E0002DF177 /* Resources */,
				2596503A14FB84E0002DF177 /* ShellScript */,
			);
			buildRules = (
			);
			dependencies = (
			);
			name = Phresco;
			productName = Phresco;
			productReference = 2596503C14FB84E0002DF177 /* Phresco.app */;
			productType = "com.apple.product-type.application";
		};
/* End PBXNativeTarget section */

/* Begin PBXProject section */
		2596503014FB84E0002DF177 /* Project object */ = {
			isa = PBXProject;
			attributes = {
				LastUpgradeCheck = 0420;
				ORGANIZATIONNAME = "bharatkumar.r@gmail.com";
			};
			buildConfigurationList = 2596503314FB84E0002DF177 /* Build configuration list for PBXProject "Phresco" */;
			compatibilityVersion = "Xcode 3.2";
			developmentRegion = English;
			hasScannedForEncodings = 0;
			knownRegions = (
				en,
				es,
			);
			mainGroup = 2596502E14FB84E0002DF177;
			productRefGroup = 2596503D14FB84E0002DF177 /* Products */;
			projectDirPath = "";
			projectReferences = (
				{
					ProductGroup = C392269E16202E63009A1866 /* Products */;
					ProjectRef = C392269D16202E63009A1866 /* CordovaLib.xcodeproj */;
				},
			);
			projectRoot = "";
			targets = (
				2596503B14FB84E0002DF177 /* Phresco */,
			);
		};
/* End PBXProject section */

/* Begin PBXReferenceProxy section */
		C39226A516202E63009A1866 /* libCordova.a */ = {
			isa = PBXReferenceProxy;
			fileType = archive.ar;
			path = libCordova.a;
			remoteRef = C39226A416202E63009A1866 /* PBXContainerItemProxy */;
			sourceTree = BUILT_PRODUCTS_DIR;
		};
/* End PBXReferenceProxy section */

/* Begin PBXResourcesBuildPhase section */
		2596503714FB84E0002DF177 /* Resources */ = {
			isa = PBXResourcesBuildPhase;
			buildActionMask = 2147483647;
			files = (
				2596505F14FB84E1002DF177 /* InfoPlist.strings in Resources */,
				2596506914FB84E1002DF177 /* Localizable.strings in Resources */,
				2596506D14FB84E1002DF177 /* Localizable.strings in Resources */,
				2596507B14FB84E1002DF177 /* Capture.bundle in Resources */,
				2596509114FB8710002DF177 /* icon-72.png in Resources */,
				2596509214FB8710002DF177 /* icon.png in Resources */,
				2596509314FB8710002DF177 /* icon@2x.png in Resources */,
				25829C821506346F00504431 /* www in Resources */,
				C39226A916202EDE009A1866 /* Cordova.plist in Resources */,
				C39226AA16202EDE009A1866 /* CordovaBuildSettings.xcconfig in Resources */,
			);
			runOnlyForDeploymentPostprocessing = 0;
		};
/* End PBXResourcesBuildPhase section */

/* Begin PBXShellScriptBuildPhase section */
		2596503A14FB84E0002DF177 /* ShellScript */ = {
			isa = PBXShellScriptBuildPhase;
			buildActionMask = 2147483647;
			files = (
			);
			inputPaths = (
			);
			outputPaths = (
			);
			runOnlyForDeploymentPostprocessing = 0;
			shellPath = /bin/bash;
			shellScript = "\n\t\t\t\t\t\t\t\tif [ ! -d \"$PROJECT_DIR/www\" ] ; then\n\t\t\t\t\t\t\t\t\tcp -R /Users/Shared/PhoneGap/Frameworks/PhoneGap.framework/www \"$PROJECT_DIR\"\n\t\t\t\t\t\t\t\tfi\n\t\t\t\t\t\t\t\t# detect www folder reference in project, if missing, print warning\n\t\t\t\t\t\t\t\tgrep \"{isa = PBXFileReference; lastKnownFileType = folder; path = www; sourceTree = \\\"<group>\\\"; };\" \"$PROJECT_DIR/$PROJECT_NAME.xcodeproj/project.pbxproj\"\n\t\t\t\t\t\t\t\trc=$? \n\t\t\t\t\t\t\t\tif [ $rc != 0 ] ; then\n\t\t\t\t\t\t\t\techo -e \"warning: Missing - Add $PROJECT_DIR/www as a folder reference in your project. Just drag and drop the folder into your project, into the Project Navigator of Xcode 4. Make sure you select the second radio-button: 'Create folder references for any added folders' (which will create a blue folder)\" 1>&2\n\t\t\t\t\t\t\t\tfi\t\t\t\t\t\t\t";
		};
/* End PBXShellScriptBuildPhase section */

/* Begin PBXSourcesBuildPhase section */
		2596503514FB84E0002DF177 /* Sources */ = {
			isa = PBXSourcesBuildPhase;
			buildActionMask = 2147483647;
			files = (
				2596506114FB84E1002DF177 /* main.m in Sources */,
				2596508114FB84E1002DF177 /* AppDelegate.m in Sources */,
				C39226B8162030A8009A1866 /* MainViewController.m in Sources */,
			);
			runOnlyForDeploymentPostprocessing = 0;
		};
/* End PBXSourcesBuildPhase section */

/* Begin PBXVariantGroup section */
		2596505D14FB84E1002DF177 /* InfoPlist.strings */ = {
			isa = PBXVariantGroup;
			children = (
				2596505E14FB84E1002DF177 /* en */,
			);
			name = InfoPlist.strings;
			sourceTree = "<group>";
		};
		2596506714FB84E1002DF177 /* Localizable.strings */ = {
			isa = PBXVariantGroup;
			children = (
				2596506814FB84E1002DF177 /* en */,
			);
			name = Localizable.strings;
			sourceTree = "<group>";
		};
		2596506B14FB84E1002DF177 /* Localizable.strings */ = {
			isa = PBXVariantGroup;
			children = (
				2596506C14FB84E1002DF177 /* es */,
			);
			name = Localizable.strings;
			sourceTree = "<group>";
		};
/* End PBXVariantGroup section */

/* Begin XCBuildConfiguration section */
		2596508414FB84E1002DF177 /* Debug */ = {
			isa = XCBuildConfiguration;
			buildSettings = {
				ALWAYS_SEARCH_USER_PATHS = NO;
				ARCHS = "$(ARCHS_STANDARD_32_BIT)";
				CODE_SIGN_IDENTITY = "iPhone Developer";
				"CODE_SIGN_IDENTITY[sdk=iphoneos*]" = "iPhone Developer";
				COPY_PHASE_STRIP = NO;
				GCC_C_LANGUAGE_STANDARD = gnu99;
				GCC_DYNAMIC_NO_PIC = NO;
				GCC_OPTIMIZATION_LEVEL = 0;
				GCC_PREPROCESSOR_DEFINITIONS = (
					"DEBUG=1",
					"$(inherited)",
				);
				GCC_SYMBOLS_PRIVATE_EXTERN = NO;
				GCC_VERSION = com.apple.compilers.llvm.clang.1_0;
				GCC_WARN_ABOUT_MISSING_PROTOTYPES = YES;
				GCC_WARN_ABOUT_RETURN_TYPE = YES;
				GCC_WARN_UNUSED_VARIABLE = YES;
				IPHONEOS_DEPLOYMENT_TARGET = 3.0;
				PROVISIONING_PROFILE = "";
				SDKROOT = iphoneos;
			};
			name = Debug;
		};
		2596508514FB84E1002DF177 /* Release */ = {
			isa = XCBuildConfiguration;
			buildSettings = {
				ALWAYS_SEARCH_USER_PATHS = NO;
				ARCHS = "$(ARCHS_STANDARD_32_BIT)";
				CODE_SIGN_IDENTITY = "iPhone Developer";
				"CODE_SIGN_IDENTITY[sdk=iphoneos*]" = "iPhone Developer";
				COPY_PHASE_STRIP = YES;
				GCC_C_LANGUAGE_STANDARD = gnu99;
				GCC_VERSION = com.apple.compilers.llvm.clang.1_0;
				GCC_WARN_ABOUT_MISSING_PROTOTYPES = YES;
				GCC_WARN_ABOUT_RETURN_TYPE = YES;
				GCC_WARN_UNUSED_VARIABLE = YES;
				IPHONEOS_DEPLOYMENT_TARGET = 3.0;
				PROVISIONING_PROFILE = "";
				SDKROOT = iphoneos;
				VALIDATE_PRODUCT = YES;
			};
			name = Release;
		};
		2596508714FB84E1002DF177 /* Debug */ = {
			isa = XCBuildConfiguration;
			buildSettings = {
				ALWAYS_SEARCH_USER_PATHS = NO;
				COPY_PHASE_STRIP = NO;
				FRAMEWORK_SEARCH_PATHS = "";
				GCC_DYNAMIC_NO_PIC = NO;
				GCC_PRECOMPILE_PREFIX_HEADER = YES;
				GCC_PREFIX_HEADER = "Phresco/Phresco-Prefix.pch";
				GCC_PREPROCESSOR_DEFINITIONS = "";
				HEADER_SEARCH_PATHS = (
					"\"$(TARGET_BUILD_DIR)/usr/local/lib/include\"",
					"\"$(OBJROOT)/UninstalledProducts/include\"",
					"\"$(BUILT_PRODUCTS_DIR)\"",
				);
				INFOPLIST_FILE = "Phresco/Phresco-Info.plist";
				IPHONEOS_DEPLOYMENT_TARGET = 4.3;
				OTHER_LDFLAGS = (
					"-weak_framework",
					UIKit,
					"-weak_framework",
					CoreFoundation,
					"-weak_framework",
					UIKit,
					"-weak_framework",
					AVFoundation,
					"-weak_framework",
					CoreMedia,
					"-weak-lSystem",
					"-all_load",
					"-Obj-C",
				);
				PRODUCT_NAME = "$(TARGET_NAME)";
				TARGETED_DEVICE_FAMILY = 1;
				WRAPPER_EXTENSION = app;
			};
			name = Debug;
		};
		2596508814FB84E1002DF177 /* Release */ = {
			isa = XCBuildConfiguration;
			buildSettings = {
				ALWAYS_SEARCH_USER_PATHS = NO;
				COPY_PHASE_STRIP = YES;
				DEBUG_INFORMATION_FORMAT = "dwarf-with-dsym";
				FRAMEWORK_SEARCH_PATHS = "";
				GCC_PRECOMPILE_PREFIX_HEADER = YES;
				GCC_PREFIX_HEADER = "Phresco/Phresco-Prefix.pch";
				GCC_PREPROCESSOR_DEFINITIONS = "";
				HEADER_SEARCH_PATHS = (
					"\"$(TARGET_BUILD_DIR)/usr/local/lib/include\"",
					"\"$(OBJROOT)/UninstalledProducts/include\"",
					"\"$(BUILT_PRODUCTS_DIR)\"",
				);
				INFOPLIST_FILE = "Phresco/Phresco-Info.plist";
				IPHONEOS_DEPLOYMENT_TARGET = 4.3;
				OTHER_LDFLAGS = (
					"-weak_framework",
					UIKit,
					"-weak_framework",
					CoreFoundation,
					"-weak_framework",
					UIKit,
					"-weak_framework",
					AVFoundation,
					"-weak_framework",
					CoreMedia,
					"-weak-lSystem",
					"-all_load",
					"-Obj-C",
				);
				PRODUCT_NAME = "$(TARGET_NAME)";
				TARGETED_DEVICE_FAMILY = 1;
				VALIDATE_PRODUCT = YES;
				WRAPPER_EXTENSION = app;
			};
			name = Release;
		};
/* End XCBuildConfiguration section */

/* Begin XCConfigurationList section */
		2596503314FB84E0002DF177 /* Build configuration list for PBXProject "Phresco" */ = {
			isa = XCConfigurationList;
			buildConfigurations = (
				2596508414FB84E1002DF177 /* Debug */,
				2596508514FB84E1002DF177 /* Release */,
			);
			defaultConfigurationIsVisible = 0;
			defaultConfigurationName = Release;
		};
		2596508614FB84E1002DF177 /* Build configuration list for PBXNativeTarget "Phresco" */ = {
			isa = XCConfigurationList;
			buildConfigurations = (
				2596508714FB84E1002DF177 /* Debug */,
				2596508814FB84E1002DF177 /* Release */,
			);
			defaultConfigurationIsVisible = 0;
			defaultConfigurationName = Release;
		};
/* End XCConfigurationList section */
	};
	rootObject = 2596503014FB84E0002DF177 /* Project object */;
}
