// !$*UTF8*$!
{
	archiveVersion = 1;
	classes = {
	};
	objectVersion = 45;
	objects = {

/* Begin PBXBuildFile section */
		0B8CE4661463D90A00A6CD29 /* PhrescoAppDelegate.m in Sources */ = {isa = PBXBuildFile; fileRef = 0B8CE4651463D90A00A6CD29 /* PhrescoAppDelegate.m */; };
		1D60589B0D05DD56006BFB54 /* main.m in Sources */ = {isa = PBXBuildFile; fileRef = 29B97316FDCFA39411CA2CEA /* main.m */; };
		1D60589F0D05DD5A006BFB54 /* Foundation.framework in Frameworks */ = {isa = PBXBuildFile; fileRef = 1D30AB110D05D00D00671497 /* Foundation.framework */; };
		1DF5F4E00D08C38300B7A737 /* UIKit.framework in Frameworks */ = {isa = PBXBuildFile; fileRef = 1DF5F4DF0D08C38300B7A737 /* UIKit.framework */; };
		288765A50DF7441C002DB57D /* CoreGraphics.framework in Frameworks */ = {isa = PBXBuildFile; fileRef = 288765A40DF7441C002DB57D /* CoreGraphics.framework */; };
		28AD733F0D9D9553002E5188 /* MainWindow.xib in Resources */ = {isa = PBXBuildFile; fileRef = 28AD733E0D9D9553002E5188 /* MainWindow.xib */; };
		7081249614612E1F00D19665 /* Phresco-Info.plist in Resources */ = {isa = PBXBuildFile; fileRef = 7081249514612E1F00D19665 /* Phresco-Info.plist */; };
		7097CE1C1462842A0070885D /* RootViewController.m in Sources */ = {isa = PBXBuildFile; fileRef = 7097CE1B1462842A0070885D /* RootViewController.m */; };
		C382545314DBBA7800002F27 /* RootViewController.xib in Resources */ = {isa = PBXBuildFile; fileRef = C382545214DBBA7800002F27 /* RootViewController.xib */; };
		C38975E115920C3000426D92 /* SenTestingKit.framework in Frameworks */ = {isa = PBXBuildFile; fileRef = EA3C918A1560DE8300402AE8 /* SenTestingKit.framework */; };
		C38975E215920C3000426D92 /* UIKit.framework in Frameworks */ = {isa = PBXBuildFile; fileRef = 1DF5F4DF0D08C38300B7A737 /* UIKit.framework */; };
		C38975E315920C3000426D92 /* Foundation.framework in Frameworks */ = {isa = PBXBuildFile; fileRef = 1D30AB110D05D00D00671497 /* Foundation.framework */; };
		C38975E915920C3000426D92 /* InfoPlist.strings in Resources */ = {isa = PBXBuildFile; fileRef = C38975E715920C3000426D92 /* InfoPlist.strings */; };
		C38975EC15920C3000426D92 /* AllTest.m in Sources */ = {isa = PBXBuildFile; fileRef = C38975EB15920C3000426D92 /* AllTest.m */; };
		C3899CAA15BD739500ED971A /* GDataXMLNode.m in Sources */ = {isa = PBXBuildFile; fileRef = C3899CA815BD739500ED971A /* GDataXMLNode.m */; };
		C3899CAB15BD739500ED971A /* OCUnitToJUnitLogger.m in Sources */ = {isa = PBXBuildFile; fileRef = C3899CA915BD739500ED971A /* OCUnitToJUnitLogger.m */; };
		C3899CAD15BD73BB00ED971A /* GDataXMLNode.h in Sources */ = {isa = PBXBuildFile; fileRef = C3899CA715BD739500ED971A /* GDataXMLNode.h */; };
		C3899CAE15BD73BB00ED971A /* GDataXMLNode.m in Sources */ = {isa = PBXBuildFile; fileRef = C3899CA815BD739500ED971A /* GDataXMLNode.m */; };
		C3899CAF15BD73C300ED971A /* OCUnitToJUnitLogger.m in Sources */ = {isa = PBXBuildFile; fileRef = C3899CA915BD739500ED971A /* OCUnitToJUnitLogger.m */; };
		C3899CB015BD73CC00ED971A /* AllTest.h in Sources */ = {isa = PBXBuildFile; fileRef = C38975EA15920C3000426D92 /* AllTest.h */; };
		C3899CB115BD742C00ED971A /* libxml2.2.7.3.dylib in Frameworks */ = {isa = PBXBuildFile; fileRef = EA3C91941560DFBC00402AE8 /* libxml2.2.7.3.dylib */; };
		C3FFD80D1589CE9600DEF961 /* ConfigurationReader.m in Sources */ = {isa = PBXBuildFile; fileRef = C3FFD80C1589CE9600DEF961 /* ConfigurationReader.m */; };
		E88B0DCB152EF10F00780CAA /* phresco-env-config.xml in Resources */ = {isa = PBXBuildFile; fileRef = E88B0DCA152EF10F00780CAA /* phresco-env-config.xml */; };
/* End PBXBuildFile section */

/* Begin PBXFileReference section */
		0B8CE4641463D90A00A6CD29 /* PhrescoAppDelegate.h */ = {isa = PBXFileReference; fileEncoding = 4; lastKnownFileType = sourcecode.c.h; path = PhrescoAppDelegate.h; sourceTree = "<group>"; };
		0B8CE4651463D90A00A6CD29 /* PhrescoAppDelegate.m */ = {isa = PBXFileReference; fileEncoding = 4; lastKnownFileType = sourcecode.c.objc; path = PhrescoAppDelegate.m; sourceTree = "<group>"; };
		1D30AB110D05D00D00671497 /* Foundation.framework */ = {isa = PBXFileReference; lastKnownFileType = wrapper.framework; name = Foundation.framework; path = System/Library/Frameworks/Foundation.framework; sourceTree = SDKROOT; };
		1D6058910D05DD3D006BFB54 /* Phresco.app */ = {isa = PBXFileReference; explicitFileType = wrapper.application; includeInIndex = 0; path = Phresco.app; sourceTree = BUILT_PRODUCTS_DIR; };
		1DF5F4DF0D08C38300B7A737 /* UIKit.framework */ = {isa = PBXFileReference; lastKnownFileType = wrapper.framework; name = UIKit.framework; path = System/Library/Frameworks/UIKit.framework; sourceTree = SDKROOT; };
		288765A40DF7441C002DB57D /* CoreGraphics.framework */ = {isa = PBXFileReference; lastKnownFileType = wrapper.framework; name = CoreGraphics.framework; path = System/Library/Frameworks/CoreGraphics.framework; sourceTree = SDKROOT; };
		28AD733E0D9D9553002E5188 /* MainWindow.xib */ = {isa = PBXFileReference; lastKnownFileType = file.xib; path = MainWindow.xib; sourceTree = "<group>"; };
		29B97316FDCFA39411CA2CEA /* main.m */ = {isa = PBXFileReference; fileEncoding = 4; lastKnownFileType = sourcecode.c.objc; path = main.m; sourceTree = "<group>"; };
		7081249514612E1F00D19665 /* Phresco-Info.plist */ = {isa = PBXFileReference; fileEncoding = 4; lastKnownFileType = text.plist.xml; path = "Phresco-Info.plist"; sourceTree = "<group>"; };
		7097CE1A1462842A0070885D /* RootViewController.h */ = {isa = PBXFileReference; fileEncoding = 4; lastKnownFileType = sourcecode.c.h; path = RootViewController.h; sourceTree = "<group>"; };
		7097CE1B1462842A0070885D /* RootViewController.m */ = {isa = PBXFileReference; fileEncoding = 4; lastKnownFileType = sourcecode.c.objc; path = RootViewController.m; sourceTree = "<group>"; };
		70FC9F8E146138060095A2E3 /* Phresco_Prefix.pch */ = {isa = PBXFileReference; fileEncoding = 4; lastKnownFileType = sourcecode.c.h; path = Phresco_Prefix.pch; sourceTree = "<group>"; };
		C382545214DBBA7800002F27 /* RootViewController.xib */ = {isa = PBXFileReference; fileEncoding = 4; lastKnownFileType = file.xib; path = RootViewController.xib; sourceTree = "<group>"; };
		C38975E015920C3000426D92 /* AllTest.octest */ = {isa = PBXFileReference; explicitFileType = wrapper.cfbundle; includeInIndex = 0; path = AllTest.octest; sourceTree = BUILT_PRODUCTS_DIR; };
		C38975E615920C3000426D92 /* AllTest-Info.plist */ = {isa = PBXFileReference; lastKnownFileType = text.plist.xml; path = "AllTest-Info.plist"; sourceTree = "<group>"; };
		C38975E815920C3000426D92 /* en */ = {isa = PBXFileReference; lastKnownFileType = text.plist.strings; name = en; path = en.lproj/InfoPlist.strings; sourceTree = "<group>"; };
		C38975EA15920C3000426D92 /* AllTest.h */ = {isa = PBXFileReference; lastKnownFileType = sourcecode.c.h; path = AllTest.h; sourceTree = "<group>"; };
		C38975EB15920C3000426D92 /* AllTest.m */ = {isa = PBXFileReference; lastKnownFileType = sourcecode.c.objc; path = AllTest.m; sourceTree = "<group>"; };
		C38975ED15920C3000426D92 /* AllTest-Prefix.pch */ = {isa = PBXFileReference; lastKnownFileType = sourcecode.c.h; path = "AllTest-Prefix.pch"; sourceTree = "<group>"; };
		C3899CA715BD739500ED971A /* GDataXMLNode.h */ = {isa = PBXFileReference; fileEncoding = 4; lastKnownFileType = sourcecode.c.h; path = GDataXMLNode.h; sourceTree = "<group>"; };
		C3899CA815BD739500ED971A /* GDataXMLNode.m */ = {isa = PBXFileReference; fileEncoding = 4; lastKnownFileType = sourcecode.c.objc; path = GDataXMLNode.m; sourceTree = "<group>"; };
		C3899CA915BD739500ED971A /* OCUnitToJUnitLogger.m */ = {isa = PBXFileReference; fileEncoding = 4; lastKnownFileType = sourcecode.c.objc; path = OCUnitToJUnitLogger.m; sourceTree = "<group>"; };
		C3FFD80B1589CE9600DEF961 /* ConfigurationReader.h */ = {isa = PBXFileReference; fileEncoding = 4; lastKnownFileType = sourcecode.c.h; name = ConfigurationReader.h; path = Classes/ConfigurationReader.h; sourceTree = SOURCE_ROOT; };
		C3FFD80C1589CE9600DEF961 /* ConfigurationReader.m */ = {isa = PBXFileReference; fileEncoding = 4; lastKnownFileType = sourcecode.c.objc; name = ConfigurationReader.m; path = Classes/ConfigurationReader.m; sourceTree = SOURCE_ROOT; };
		E88B0DCA152EF10F00780CAA /* phresco-env-config.xml */ = {isa = PBXFileReference; fileEncoding = 4; lastKnownFileType = text.xml; path = "phresco-env-config.xml"; sourceTree = "<group>"; };
		EA3C918A1560DE8300402AE8 /* SenTestingKit.framework */ = {isa = PBXFileReference; lastKnownFileType = wrapper.framework; name = SenTestingKit.framework; path = Library/Frameworks/SenTestingKit.framework; sourceTree = DEVELOPER_DIR; };
		EA3C91941560DFBC00402AE8 /* libxml2.2.7.3.dylib */ = {isa = PBXFileReference; lastKnownFileType = "compiled.mach-o.dylib"; name = libxml2.2.7.3.dylib; path = usr/lib/libxml2.2.7.3.dylib; sourceTree = SDKROOT; };
/* End PBXFileReference section */

/* Begin PBXFrameworksBuildPhase section */
		1D60588F0D05DD3D006BFB54 /* Frameworks */ = {
			isa = PBXFrameworksBuildPhase;
			buildActionMask = 2147483647;
			files = (
				1D60589F0D05DD5A006BFB54 /* Foundation.framework in Frameworks */,
				1DF5F4E00D08C38300B7A737 /* UIKit.framework in Frameworks */,
				288765A50DF7441C002DB57D /* CoreGraphics.framework in Frameworks */,
			);
			runOnlyForDeploymentPostprocessing = 0;
		};
		C38975DC15920C3000426D92 /* Frameworks */ = {
			isa = PBXFrameworksBuildPhase;
			buildActionMask = 2147483647;
			files = (
				C3899CB115BD742C00ED971A /* libxml2.2.7.3.dylib in Frameworks */,
				C38975E115920C3000426D92 /* SenTestingKit.framework in Frameworks */,
				C38975E215920C3000426D92 /* UIKit.framework in Frameworks */,
				C38975E315920C3000426D92 /* Foundation.framework in Frameworks */,
			);
			runOnlyForDeploymentPostprocessing = 0;
		};
/* End PBXFrameworksBuildPhase section */

/* Begin PBXGroup section */
		080E96DDFE201D6D7F000001 /* Classes */ = {
			isa = PBXGroup;
			children = (
				C382545214DBBA7800002F27 /* RootViewController.xib */,
				0B8CE4641463D90A00A6CD29 /* PhrescoAppDelegate.h */,
				0B8CE4651463D90A00A6CD29 /* PhrescoAppDelegate.m */,
				7097CE1A1462842A0070885D /* RootViewController.h */,
				7097CE1B1462842A0070885D /* RootViewController.m */,
			);
			path = Classes;
			sourceTree = "<group>";
		};
		19C28FACFE9D520D11CA2CBB /* Products */ = {
			isa = PBXGroup;
			children = (
				1D6058910D05DD3D006BFB54 /* Phresco.app */,
				C38975E015920C3000426D92 /* AllTest.octest */,
			);
			name = Products;
			sourceTree = "<group>";
		};
		29B97314FDCFA39411CA2CEA /* CustomTemplate */ = {
			isa = PBXGroup;
			children = (
				080E96DDFE201D6D7F000001 /* Classes */,
				E883899C15342E9200154C18 /* NativeControllers */,
				E88B0DCC152EF11E00780CAA /* ThirdParty */,
				29B97315FDCFA39411CA2CEA /* Other Sources */,
				29B97317FDCFA39411CA2CEA /* Resources */,
				C38975E415920C3000426D92 /* AllTest */,
				29B97323FDCFA39411CA2CEA /* Frameworks */,
				19C28FACFE9D520D11CA2CBB /* Products */,
			);
			name = CustomTemplate;
			sourceTree = "<group>";
		};
		29B97315FDCFA39411CA2CEA /* Other Sources */ = {
			isa = PBXGroup;
			children = (
				70FC9F8E146138060095A2E3 /* Phresco_Prefix.pch */,
				29B97316FDCFA39411CA2CEA /* main.m */,
			);
			name = "Other Sources";
			sourceTree = "<group>";
		};
		29B97317FDCFA39411CA2CEA /* Resources */ = {
			isa = PBXGroup;
			children = (
				E88B0DCA152EF10F00780CAA /* phresco-env-config.xml */,
				7081249514612E1F00D19665 /* Phresco-Info.plist */,
				A4D536491368113A00D7C4C4 /* Images */,
				28AD733E0D9D9553002E5188 /* MainWindow.xib */,
			);
			name = Resources;
			sourceTree = "<group>";
		};
		29B97323FDCFA39411CA2CEA /* Frameworks */ = {
			isa = PBXGroup;
			children = (
				EA3C91941560DFBC00402AE8 /* libxml2.2.7.3.dylib */,
				1DF5F4DF0D08C38300B7A737 /* UIKit.framework */,
				1D30AB110D05D00D00671497 /* Foundation.framework */,
				288765A40DF7441C002DB57D /* CoreGraphics.framework */,
				EA3C918A1560DE8300402AE8 /* SenTestingKit.framework */,
			);
			name = Frameworks;
			sourceTree = "<group>";
		};
		A4D536491368113A00D7C4C4 /* Images */ = {
			isa = PBXGroup;
			children = (
			);
			path = Images;
			sourceTree = "<group>";
		};
		C38975E415920C3000426D92 /* AllTest */ = {
			isa = PBXGroup;
			children = (
				C3899CA715BD739500ED971A /* GDataXMLNode.h */,
				C3899CA815BD739500ED971A /* GDataXMLNode.m */,
				C3899CA915BD739500ED971A /* OCUnitToJUnitLogger.m */,
				C38975EA15920C3000426D92 /* AllTest.h */,
				C38975EB15920C3000426D92 /* AllTest.m */,
				C38975E515920C3000426D92 /* Supporting Files */,
			);
			path = AllTest;
			sourceTree = "<group>";
		};
		C38975E515920C3000426D92 /* Supporting Files */ = {
			isa = PBXGroup;
			children = (
				C38975E615920C3000426D92 /* AllTest-Info.plist */,
				C38975E715920C3000426D92 /* InfoPlist.strings */,
				C38975ED15920C3000426D92 /* AllTest-Prefix.pch */,
			);
			name = "Supporting Files";
			sourceTree = "<group>";
		};
		E883899C15342E9200154C18 /* NativeControllers */ = {
			isa = PBXGroup;
			children = (
			);
			path = NativeControllers;
			sourceTree = "<group>";
		};
		E88B0DCC152EF11E00780CAA /* ThirdParty */ = {
			isa = PBXGroup;
			children = (
				E88B0DCD152EF11E00780CAA /* ConfigurationReader */,
			);
			path = ThirdParty;
			sourceTree = "<group>";
		};
		E88B0DCD152EF11E00780CAA /* ConfigurationReader */ = {
			isa = PBXGroup;
			children = (
				C3FFD80B1589CE9600DEF961 /* ConfigurationReader.h */,
				C3FFD80C1589CE9600DEF961 /* ConfigurationReader.m */,
			);
			path = ConfigurationReader;
			sourceTree = "<group>";
		};
/* End PBXGroup section */

/* Begin PBXNativeTarget section */
		1D6058900D05DD3D006BFB54 /* HelloWorld */ = {
			isa = PBXNativeTarget;
			buildConfigurationList = 1D6058960D05DD3E006BFB54 /* Build configuration list for PBXNativeTarget "HelloWorld" */;
			buildPhases = (
				1D60588D0D05DD3D006BFB54 /* Resources */,
				1D60588E0D05DD3D006BFB54 /* Sources */,
				1D60588F0D05DD3D006BFB54 /* Frameworks */,
			);
			buildRules = (
			);
			dependencies = (
			);
			name = HelloWorld;
			productName = iShop;
			productReference = 1D6058910D05DD3D006BFB54 /* Phresco.app */;
			productType = "com.apple.product-type.application";
		};
		C38975DF15920C3000426D92 /* AllTest */ = {
			isa = PBXNativeTarget;
			buildConfigurationList = C38975F015920C3000426D92 /* Build configuration list for PBXNativeTarget "AllTest" */;
			buildPhases = (
				C38975DB15920C3000426D92 /* Sources */,
				C38975DC15920C3000426D92 /* Frameworks */,
				C38975DD15920C3000426D92 /* Resources */,
				C38975DE15920C3000426D92 /* ShellScript */,
			);
			buildRules = (
			);
			dependencies = (
			);
			name = AllTest;
			productName = AllTest;
			productReference = C38975E015920C3000426D92 /* AllTest.octest */;
			productType = "com.apple.product-type.bundle";
		};
/* End PBXNativeTarget section */

/* Begin PBXProject section */
		29B97313FDCFA39411CA2CEA /* Project object */ = {
			isa = PBXProject;
			buildConfigurationList = C01FCF4E08A954540054247B /* Build configuration list for PBXProject "Phresco" */;
			compatibilityVersion = "Xcode 3.1";
			developmentRegion = English;
			hasScannedForEncodings = 1;
			knownRegions = (
				English,
				Japanese,
				French,
				German,
				en,
			);
			mainGroup = 29B97314FDCFA39411CA2CEA /* CustomTemplate */;
			projectDirPath = "";
			projectRoot = "";
			targets = (
				1D6058900D05DD3D006BFB54 /* HelloWorld */,
				C38975DF15920C3000426D92 /* AllTest */,
			);
		};
/* End PBXProject section */

/* Begin PBXResourcesBuildPhase section */
		1D60588D0D05DD3D006BFB54 /* Resources */ = {
			isa = PBXResourcesBuildPhase;
			buildActionMask = 2147483647;
			files = (
				28AD733F0D9D9553002E5188 /* MainWindow.xib in Resources */,
				7081249614612E1F00D19665 /* Phresco-Info.plist in Resources */,
				C382545314DBBA7800002F27 /* RootViewController.xib in Resources */,
				E88B0DCB152EF10F00780CAA /* phresco-env-config.xml in Resources */,
			);
			runOnlyForDeploymentPostprocessing = 0;
		};
		C38975DD15920C3000426D92 /* Resources */ = {
			isa = PBXResourcesBuildPhase;
			buildActionMask = 2147483647;
			files = (
				C38975E915920C3000426D92 /* InfoPlist.strings in Resources */,
			);
			runOnlyForDeploymentPostprocessing = 0;
		};
/* End PBXResourcesBuildPhase section */

/* Begin PBXShellScriptBuildPhase section */
		C38975DE15920C3000426D92 /* ShellScript */ = {
			isa = PBXShellScriptBuildPhase;
			buildActionMask = 2147483647;
			files = (
			);
			inputPaths = (
			);
			outputPaths = (
			);
			runOnlyForDeploymentPostprocessing = 0;
			shellPath = /bin/sh;
			shellScript = "# Run the unit tests in this test bundle.\n\"${SYSTEM_DEVELOPER_DIR}/Tools/RunUnitTests\"\n";
		};
/* End PBXShellScriptBuildPhase section */

/* Begin PBXSourcesBuildPhase section */
		1D60588E0D05DD3D006BFB54 /* Sources */ = {
			isa = PBXSourcesBuildPhase;
			buildActionMask = 2147483647;
			files = (
				1D60589B0D05DD56006BFB54 /* main.m in Sources */,
				7097CE1C1462842A0070885D /* RootViewController.m in Sources */,
				0B8CE4661463D90A00A6CD29 /* PhrescoAppDelegate.m in Sources */,
				C3FFD80D1589CE9600DEF961 /* ConfigurationReader.m in Sources */,
				C3899CAA15BD739500ED971A /* GDataXMLNode.m in Sources */,
				C3899CAB15BD739500ED971A /* OCUnitToJUnitLogger.m in Sources */,
			);
			runOnlyForDeploymentPostprocessing = 0;
		};
		C38975DB15920C3000426D92 /* Sources */ = {
			isa = PBXSourcesBuildPhase;
			buildActionMask = 2147483647;
			files = (
				C3899CB015BD73CC00ED971A /* AllTest.h in Sources */,
				C3899CAF15BD73C300ED971A /* OCUnitToJUnitLogger.m in Sources */,
				C3899CAD15BD73BB00ED971A /* GDataXMLNode.h in Sources */,
				C3899CAE15BD73BB00ED971A /* GDataXMLNode.m in Sources */,
				C38975EC15920C3000426D92 /* AllTest.m in Sources */,
			);
			runOnlyForDeploymentPostprocessing = 0;
		};
/* End PBXSourcesBuildPhase section */

/* Begin PBXVariantGroup section */
		C38975E715920C3000426D92 /* InfoPlist.strings */ = {
			isa = PBXVariantGroup;
			children = (
				C38975E815920C3000426D92 /* en */,
			);
			name = InfoPlist.strings;
			sourceTree = "<group>";
		};
/* End PBXVariantGroup section */

/* Begin XCBuildConfiguration section */
		1D6058940D05DD3E006BFB54 /* Debug */ = {
			isa = XCBuildConfiguration;
			buildSettings = {
				ALWAYS_SEARCH_USER_PATHS = NO;
				CODE_SIGN_IDENTITY = "";
				"CODE_SIGN_IDENTITY[sdk=iphoneos*]" = "";
				COPY_PHASE_STRIP = NO;
				FRAMEWORK_SEARCH_PATHS = (
					"$(inherited)",
					"\"$(SRCROOT)\"",
					"\"$(SRCROOT)/ThirdParty/GHUnit\"",
				);
				GCC_DYNAMIC_NO_PIC = NO;
				GCC_OPTIMIZATION_LEVEL = 0;
				GCC_PRECOMPILE_PREFIX_HEADER = YES;
				GCC_PREFIX_HEADER = Phresco_Prefix.pch;
				GCC_PREPROCESSOR_DEFINITIONS = "";
				INFOPLIST_FILE = "Phresco-Info.plist";
				IPHONEOS_DEPLOYMENT_TARGET = 4.0;
				PRODUCT_NAME = Phresco;
				SDKROOT = iphoneos4.3;
				TARGETED_DEVICE_FAMILY = "1,2";
			};
			name = Debug;
		};
		1D6058950D05DD3E006BFB54 /* Release */ = {
			isa = XCBuildConfiguration;
			buildSettings = {
				ALWAYS_SEARCH_USER_PATHS = NO;
				CODE_SIGN_IDENTITY = "";
				"CODE_SIGN_IDENTITY[sdk=iphoneos*]" = "";
				COPY_PHASE_STRIP = YES;
				FRAMEWORK_SEARCH_PATHS = (
					"$(inherited)",
					"\"$(SRCROOT)\"",
					"\"$(SRCROOT)/ThirdParty/GHUnit\"",
				);
				GCC_PRECOMPILE_PREFIX_HEADER = YES;
				GCC_PREFIX_HEADER = Phresco_Prefix.pch;
				GCC_PREPROCESSOR_DEFINITIONS = "";
				INFOPLIST_FILE = "Phresco-Info.plist";
				IPHONEOS_DEPLOYMENT_TARGET = 4.0;
				PRODUCT_NAME = Phresco;
				SDKROOT = iphoneos;
				TARGETED_DEVICE_FAMILY = "1,2";
				VALIDATE_PRODUCT = YES;
			};
			name = Release;
		};
		C01FCF4F08A954540054247B /* Debug */ = {
			isa = XCBuildConfiguration;
			buildSettings = {
				ARCHS = "$(ARCHS_STANDARD_32_BIT)";
				CODE_SIGN_IDENTITY = "";
				"CODE_SIGN_IDENTITY[sdk=iphoneos*]" = "";
				GCC_C_LANGUAGE_STANDARD = c99;
				GCC_WARN_ABOUT_RETURN_TYPE = YES;
				GCC_WARN_UNUSED_VARIABLE = YES;
				IPHONEOS_DEPLOYMENT_TARGET = 4.0;
				PREBINDING = NO;
				SDKROOT = iphoneos4.2;
			};
			name = Debug;
		};
		C01FCF5008A954540054247B /* Release */ = {
			isa = XCBuildConfiguration;
			buildSettings = {
				ARCHS = "$(ARCHS_STANDARD_32_BIT)";
				CODE_SIGN_IDENTITY = "";
				"CODE_SIGN_IDENTITY[sdk=iphoneos*]" = "";
				GCC_C_LANGUAGE_STANDARD = c99;
				GCC_WARN_ABOUT_RETURN_TYPE = YES;
				GCC_WARN_UNUSED_VARIABLE = YES;
				IPHONEOS_DEPLOYMENT_TARGET = 4.0;
				OTHER_CFLAGS = "-DNS_BLOCK_ASSERTIONS=1";
				PREBINDING = NO;
				SDKROOT = iphoneos4.2;
			};
			name = Release;
		};
		C38975EE15920C3000426D92 /* Debug */ = {
			isa = XCBuildConfiguration;
			buildSettings = {
				ALWAYS_SEARCH_USER_PATHS = NO;
				COPY_PHASE_STRIP = NO;
				FRAMEWORK_SEARCH_PATHS = (
					"$(SDKROOT)/Developer/Library/Frameworks",
					"$(DEVELOPER_LIBRARY_DIR)/Frameworks",
				);
				GCC_C_LANGUAGE_STANDARD = gnu99;
				GCC_DYNAMIC_NO_PIC = NO;
				GCC_OPTIMIZATION_LEVEL = 0;
				GCC_PRECOMPILE_PREFIX_HEADER = YES;
				GCC_PREFIX_HEADER = "AllTest/AllTest-Prefix.pch";
				GCC_PREPROCESSOR_DEFINITIONS = (
					"DEBUG=1",
					"$(inherited)",
				);
				GCC_SYMBOLS_PRIVATE_EXTERN = NO;
				GCC_VERSION = com.apple.compilers.llvm.clang.1_0;
				GCC_WARN_ABOUT_MISSING_PROTOTYPES = YES;
				HEADER_SEARCH_PATHS = /usr/include/libxml2;
				INFOPLIST_FILE = "AllTest/AllTest-Info.plist";
				IPHONEOS_DEPLOYMENT_TARGET = 5.0;
				PRODUCT_NAME = "$(TARGET_NAME)";
				SDKROOT = iphoneos;
				WRAPPER_EXTENSION = octest;
			};
			name = Debug;
		};
		C38975EF15920C3000426D92 /* Release */ = {
			isa = XCBuildConfiguration;
			buildSettings = {
				ALWAYS_SEARCH_USER_PATHS = NO;
				COPY_PHASE_STRIP = YES;
				FRAMEWORK_SEARCH_PATHS = (
					"$(SDKROOT)/Developer/Library/Frameworks",
					"$(DEVELOPER_LIBRARY_DIR)/Frameworks",
				);
				GCC_C_LANGUAGE_STANDARD = gnu99;
				GCC_PRECOMPILE_PREFIX_HEADER = YES;
				GCC_PREFIX_HEADER = "AllTest/AllTest-Prefix.pch";
				GCC_VERSION = com.apple.compilers.llvm.clang.1_0;
				GCC_WARN_ABOUT_MISSING_PROTOTYPES = YES;
				HEADER_SEARCH_PATHS = /usr/include/libxml2;
				INFOPLIST_FILE = "AllTest/AllTest-Info.plist";
				IPHONEOS_DEPLOYMENT_TARGET = 5.0;
				PRODUCT_NAME = "$(TARGET_NAME)";
				SDKROOT = iphoneos;
				VALIDATE_PRODUCT = YES;
				WRAPPER_EXTENSION = octest;
			};
			name = Release;
		};
/* End XCBuildConfiguration section */

/* Begin XCConfigurationList section */
		1D6058960D05DD3E006BFB54 /* Build configuration list for PBXNativeTarget "HelloWorld" */ = {
			isa = XCConfigurationList;
			buildConfigurations = (
				1D6058940D05DD3E006BFB54 /* Debug */,
				1D6058950D05DD3E006BFB54 /* Release */,
			);
			defaultConfigurationIsVisible = 0;
			defaultConfigurationName = Release;
		};
		C01FCF4E08A954540054247B /* Build configuration list for PBXProject "Phresco" */ = {
			isa = XCConfigurationList;
			buildConfigurations = (
				C01FCF4F08A954540054247B /* Debug */,
				C01FCF5008A954540054247B /* Release */,
			);
			defaultConfigurationIsVisible = 0;
			defaultConfigurationName = Release;
		};
		C38975F015920C3000426D92 /* Build configuration list for PBXNativeTarget "AllTest" */ = {
			isa = XCConfigurationList;
			buildConfigurations = (
				C38975EE15920C3000426D92 /* Debug */,
				C38975EF15920C3000426D92 /* Release */,
			);
			defaultConfigurationIsVisible = 0;
			defaultConfigurationName = Release;
		};
/* End XCConfigurationList section */
	};
	rootObject = 29B97313FDCFA39411CA2CEA /* Project object */;
}
